# This file is generated by running "yarn install" inside your project.
# Manual changes might be lost - proceed with caution!

__metadata:
  version: 8
  cacheKey: 10c0

"@types/node@npm:*":
  version: 20.11.21
  resolution: "@types/node@npm:20.11.21"
  dependencies:
    undici-types: "npm:~5.26.4"
  checksum: 10c0/52b1cdfe8b14a67ab98c01b2e9621994b34a2537368e108fb925121a9d5958eb7344a2fb81ff36964932d5e5a093de8897f021bded10cad3536fd31e932b3000
  languageName: node
  linkType: hard

"@types/nodemailer@npm:*":
  version: 6.4.14
  resolution: "@types/nodemailer@npm:6.4.14"
  dependencies:
    "@types/node": "npm:*"
  checksum: 10c0/b5958843576cde76dc532aa7b726182fef8b466fa9fcaf1aa03f89f02e896bec4e28b593ffa1a289a46bd0b7fdf34da0640ab7ef8f0811948016f58f77e16307
  languageName: node
  linkType: hard

"@types/smtp-server@npm:^3.5.10":
  version: 3.5.10
  resolution: "@types/smtp-server@npm:3.5.10"
  dependencies:
    "@types/node": "npm:*"
    "@types/nodemailer": "npm:*"
  checksum: 10c0/6aa530635c1801470f1eaa4619604ad0590a5fe150dbf7b157d9b49ec272753caaadc4c2905631e83f6ab0163fabcd59fa37a273f7b2458ae7d21ace52914f04
  languageName: node
  linkType: hard

"base32.js@npm:0.1.0":
  version: 0.1.0
  resolution: "base32.js@npm:0.1.0"
  checksum: 10c0/d5f520f8082193850df798a0a64c528eb56b25d507daa94393c39342cc07c41e1e8e3fae71dc318e397b9e28cee800548f582493018d46962b20fce8735efaad
  languageName: node
  linkType: hard

"ipv6-normalize@npm:1.0.1":
  version: 1.0.1
  resolution: "ipv6-normalize@npm:1.0.1"
  checksum: 10c0/89156fbfc4f8828b29adf8009332ec77cd93a17a6e28066d602c3154b7bbc37df07f981ab2b6debb46f9a716867262ae4ea5399f3fa9bb0fc8019e6dc2a96023
  languageName: node
  linkType: hard

"nodemailer@npm:6.9.9":
  version: 6.9.9
  resolution: "nodemailer@npm:6.9.9"
  checksum: 10c0/ba72da4ca8a003921c86f3d132d64d9bb86c1a3d79d248664b3de28f6a7a621f0476273ad7cf3ecc48d3b78a66ae4ec62b7c4c8ab6f07d9ca26d4bad4d08802e
  languageName: node
  linkType: hard

"punycode@npm:2.3.1":
  version: 2.3.1
  resolution: "punycode@npm:2.3.1"
  checksum: 10c0/14f76a8206bc3464f794fb2e3d3cc665ae416c01893ad7a02b23766eb07159144ee612ad67af5e84fa4479ccfe67678c4feb126b0485651b302babf66f04f9e9
  languageName: node
  linkType: hard

"smtp-mail-server@workspace:.":
  version: 0.0.0-use.local
  resolution: "smtp-mail-server@workspace:."
  dependencies:
    "@types/smtp-server": "npm:^3.5.10"
    smtp-server: "npm:^3.13.2"
  languageName: unknown
  linkType: soft

"smtp-server@npm:^3.13.2":
  version: 3.13.2
  resolution: "smtp-server@npm:3.13.2"
  dependencies:
    base32.js: "npm:0.1.0"
    ipv6-normalize: "npm:1.0.1"
    nodemailer: "npm:6.9.9"
    punycode: "npm:2.3.1"
  checksum: 10c0/dfdc260283e2157c84fbbc258ce8917566a4f78157cb8b25f4ad4249cbd3d5362640b2a5c551b9705dc5e32fb6c00b61c3b14f9e78be0ebd3e50403002cdccc6
  languageName: node
  linkType: hard

"undici-types@npm:~5.26.4":
  version: 5.26.5
  resolution: "undici-types@npm:5.26.5"
  checksum: 10c0/bb673d7876c2d411b6eb6c560e0c571eef4a01c1c19925175d16e3a30c4c428181fb8d7ae802a261f283e4166a0ac435e2f505743aa9e45d893f9a3df017b501
  languageName: node
  linkType: hard
